
Microsoft Visual Studio Solution File, Format Version 12.00
# Visual Studio 2012
Project("{FAE04EC0-301F-11D3-BF4B-00C04F79EFBC}") = "SimplyAgile", "SimplyAgile\SimplyAgile.csproj", "{02C5BFA3-E241-449B-B165-64E18EBB934A}"
EndProject
Project("{FAE04EC0-301F-11D3-BF4B-00C04F79EFBC}") = "SimplyAgile.Tests", "SimplyAgile.Tests\SimplyAgile.Tests.csproj", "{D984A330-5B1D-4167-BDA7-1073A95A885D}"
EndProject
Project("{2150E333-8FDC-42A3-9474-1A3956D46DE8}") = "Solution Items", "Solution Items", "{DF14162D-E11F-4CBA-AA89-033E528FF3AE}"
	ProjectSection(SolutionItems) = preProject
		Local.testsettings = Local.testsettings
		README.md = README.md
		SimplyAgile.vsmdi = SimplyAgile.vsmdi
		TraceAndTestImpact.testsettings = TraceAndTestImpact.testsettings
	EndProjectSection
EndProject
Project("{2150E333-8FDC-42A3-9474-1A3956D46DE8}") = ".nuget", ".nuget", "{EECCF945-B1CB-4764-9DAA-9893A81BFEBF}"
	ProjectSection(SolutionItems) = preProject
		.nuget\NuGet.Config = .nuget\NuGet.Config
		.nuget\NuGet.exe = .nuget\NuGet.exe
		.nuget\NuGet.targets = .nuget\NuGet.targets
	EndProjectSection
EndProject
Project("{FAE04EC0-301F-11D3-BF4B-00C04F79EFBC}") = "SimplyAgile.WebApi", "SimplyAgile.WebApi\SimplyAgile.WebApi.csproj", "{72836292-E9FF-403B-95E3-C4B22195C8A5}"
EndProject
Project("{E24C65DC-7377-472B-9ABA-BC803B73C61A}") = "WebSite", "http://localhost:58827", "{1943A103-4D1B-4EF1-8B00-B670C1996624}"
	ProjectSection(WebsiteProperties) = preProject
		UseIISExpress = "true"
		TargetFrameworkMoniker = ".NETFramework,Version%3Dv4.5"
		Debug.AspNetCompiler.VirtualPath = "/localhost_58827"
		Debug.AspNetCompiler.PhysicalPath = "WebSite\"
		Debug.AspNetCompiler.TargetPath = "PrecompiledWeb\localhost_58827\"
		Debug.AspNetCompiler.Updateable = "true"
		Debug.AspNetCompiler.ForceOverwrite = "true"
		Debug.AspNetCompiler.FixedNames = "false"
		Debug.AspNetCompiler.Debug = "True"
		Release.AspNetCompiler.VirtualPath = "/localhost_58827"
		Release.AspNetCompiler.PhysicalPath = "WebSite\"
		Release.AspNetCompiler.TargetPath = "PrecompiledWeb\localhost_58827\"
		Release.AspNetCompiler.Updateable = "true"
		Release.AspNetCompiler.ForceOverwrite = "true"
		Release.AspNetCompiler.FixedNames = "false"
		Release.AspNetCompiler.Debug = "False"
		SlnRelativePath = "WebSite\"
		DefaultWebSiteLanguage = "Visual C#"
	EndProjectSection
EndProject
Global
	GlobalSection(TestCaseManagementSettings) = postSolution
		CategoryFile = SimplyAgile.vsmdi
	EndGlobalSection
	GlobalSection(SolutionConfigurationPlatforms) = preSolution
		Debug|Any CPU = Debug|Any CPU
		Release|Any CPU = Release|Any CPU
	EndGlobalSection
	GlobalSection(ProjectConfigurationPlatforms) = postSolution
		{02C5BFA3-E241-449B-B165-64E18EBB934A}.Debug|Any CPU.ActiveCfg = Debug|Any CPU
		{02C5BFA3-E241-449B-B165-64E18EBB934A}.Debug|Any CPU.Build.0 = Debug|Any CPU
		{02C5BFA3-E241-449B-B165-64E18EBB934A}.Release|Any CPU.ActiveCfg = Release|Any CPU
		{02C5BFA3-E241-449B-B165-64E18EBB934A}.Release|Any CPU.Build.0 = Release|Any CPU
		{D984A330-5B1D-4167-BDA7-1073A95A885D}.Debug|Any CPU.ActiveCfg = Debug|Any CPU
		{D984A330-5B1D-4167-BDA7-1073A95A885D}.Debug|Any CPU.Build.0 = Debug|Any CPU
		{D984A330-5B1D-4167-BDA7-1073A95A885D}.Release|Any CPU.ActiveCfg = Release|Any CPU
		{D984A330-5B1D-4167-BDA7-1073A95A885D}.Release|Any CPU.Build.0 = Release|Any CPU
		{72836292-E9FF-403B-95E3-C4B22195C8A5}.Debug|Any CPU.ActiveCfg = Debug|Any CPU
		{72836292-E9FF-403B-95E3-C4B22195C8A5}.Debug|Any CPU.Build.0 = Debug|Any CPU
		{72836292-E9FF-403B-95E3-C4B22195C8A5}.Release|Any CPU.ActiveCfg = Release|Any CPU
		{72836292-E9FF-403B-95E3-C4B22195C8A5}.Release|Any CPU.Build.0 = Release|Any CPU
		{1943A103-4D1B-4EF1-8B00-B670C1996624}.Debug|Any CPU.ActiveCfg = Debug|Any CPU
		{1943A103-4D1B-4EF1-8B00-B670C1996624}.Debug|Any CPU.Build.0 = Debug|Any CPU
		{1943A103-4D1B-4EF1-8B00-B670C1996624}.Release|Any CPU.ActiveCfg = Debug|Any CPU
		{1943A103-4D1B-4EF1-8B00-B670C1996624}.Release|Any CPU.Build.0 = Debug|Any CPU
	EndGlobalSection
	GlobalSection(SolutionProperties) = preSolution
		HideSolutionNode = FALSE
	EndGlobalSection
EndGlobal
